
Microsoft Visual Studio Solution File, Format Version 12.00
# Visual Studio Version 16
VisualStudioVersion = 16.0.28315.86
MinimumVisualStudioVersion = 10.0.40219.1
Project("{2150E333-8FDC-42A3-9474-1A3956D46DE8}") = "Engine", "Engine", "{CC341842-CA2A-4C37-9E37-D55470EA1AD1}"
EndProject
Project("{2150E333-8FDC-42A3-9474-1A3956D46DE8}") = "Games", "Games", "{E238B303-3A53-4781-9E1F-98778962A6CB}"
EndProject
Project("{8BC9CEB8-8B4A-11D0-8D11-00A0C91BC942}") = "UE4", "Intermediate\ProjectFiles\UE4.vcxproj", "{5501E42A-18F6-40C7-A5A9-85ACBABD4D8E}"
EndProject
Project("{8BC9CEB8-8B4A-11D0-8D11-00A0C91BC942}") = "XRProject", "Intermediate\ProjectFiles\XRProject.vcxproj", "{6BE69B76-9B2A-410B-ADC4-01975AEC6F25}"
EndProject
Project("{2150E333-8FDC-42A3-9474-1A3956D46DE8}") = "Visualizers", "Visualizers", "{7EB2602B-2F12-47F1-93AF-4E5400A08E4A}"
	ProjectSection(SolutionItems) = preProject
		..\..\..\..\..\Program Files\Epic Games\UE_4.23\Engine\Extras\VisualStudioDebugging\UE4.natvis = ..\..\..\..\..\Program Files\Epic Games\UE_4.23\Engine\Extras\VisualStudioDebugging\UE4.natvis
	EndProjectSection
EndProject
Global
	GlobalSection(SolutionConfigurationPlatforms) = preSolution
		DebugGame Editor|HTML5 = DebugGame Editor|HTML5
		DebugGame Editor|Win32 = DebugGame Editor|Win32
		DebugGame Editor|Win64 = DebugGame Editor|Win64
		DebugGame|HTML5 = DebugGame|HTML5
		DebugGame|Win32 = DebugGame|Win32
		DebugGame|Win64 = DebugGame|Win64
		Development Editor|HTML5 = Development Editor|HTML5
		Development Editor|Win32 = Development Editor|Win32
		Development Editor|Win64 = Development Editor|Win64
		Development|HTML5 = Development|HTML5
		Development|Win32 = Development|Win32
		Development|Win64 = Development|Win64
		Shipping|HTML5 = Shipping|HTML5
		Shipping|Win32 = Shipping|Win32
		Shipping|Win64 = Shipping|Win64
	EndGlobalSection
	GlobalSection(ProjectConfigurationPlatforms) = postSolution
		{5501E42A-18F6-40C7-A5A9-85ACBABD4D8E}.DebugGame Editor|HTML5.ActiveCfg = BuiltWithUnrealBuildTool|Win32
		{5501E42A-18F6-40C7-A5A9-85ACBABD4D8E}.DebugGame Editor|Win32.ActiveCfg = BuiltWithUnrealBuildTool|Win32
		{5501E42A-18F6-40C7-A5A9-85ACBABD4D8E}.DebugGame Editor|Win64.ActiveCfg = BuiltWithUnrealBuildTool|Win32
		{5501E42A-18F6-40C7-A5A9-85ACBABD4D8E}.DebugGame|HTML5.ActiveCfg = BuiltWithUnrealBuildTool|Win32
		{5501E42A-18F6-40C7-A5A9-85ACBABD4D8E}.DebugGame|Win32.ActiveCfg = BuiltWithUnrealBuildTool|Win32
		{5501E42A-18F6-40C7-A5A9-85ACBABD4D8E}.DebugGame|Win64.ActiveCfg = BuiltWithUnrealBuildTool|Win32
		{5501E42A-18F6-40C7-A5A9-85ACBABD4D8E}.Development Editor|HTML5.ActiveCfg = BuiltWithUnrealBuildTool|Win32
		{5501E42A-18F6-40C7-A5A9-85ACBABD4D8E}.Development Editor|Win32.ActiveCfg = BuiltWithUnrealBuildTool|Win32
		{5501E42A-18F6-40C7-A5A9-85ACBABD4D8E}.Development Editor|Win64.ActiveCfg = BuiltWithUnrealBuildTool|Win32
		{5501E42A-18F6-40C7-A5A9-85ACBABD4D8E}.Development|HTML5.ActiveCfg = BuiltWithUnrealBuildTool|Win32
		{5501E42A-18F6-40C7-A5A9-85ACBABD4D8E}.Development|Win32.ActiveCfg = BuiltWithUnrealBuildTool|Win32
		{5501E42A-18F6-40C7-A5A9-85ACBABD4D8E}.Development|Win64.ActiveCfg = BuiltWithUnrealBuildTool|Win32
		{5501E42A-18F6-40C7-A5A9-85ACBABD4D8E}.Shipping|HTML5.ActiveCfg = BuiltWithUnrealBuildTool|Win32
		{5501E42A-18F6-40C7-A5A9-85ACBABD4D8E}.Shipping|Win32.ActiveCfg = BuiltWithUnrealBuildTool|Win32
		{5501E42A-18F6-40C7-A5A9-85ACBABD4D8E}.Shipping|Win64.ActiveCfg = BuiltWithUnrealBuildTool|Win32
		{6BE69B76-9B2A-410B-ADC4-01975AEC6F25}.DebugGame Editor|HTML5.ActiveCfg = Invalid|Win32
		{6BE69B76-9B2A-410B-ADC4-01975AEC6F25}.DebugGame Editor|Win32.ActiveCfg = Invalid|Win32
		{6BE69B76-9B2A-410B-ADC4-01975AEC6F25}.DebugGame Editor|Win64.ActiveCfg = DebugGame_Editor|x64
		{6BE69B76-9B2A-410B-ADC4-01975AEC6F25}.DebugGame Editor|Win64.Build.0 = DebugGame_Editor|x64
		{6BE69B76-9B2A-410B-ADC4-01975AEC6F25}.DebugGame|HTML5.ActiveCfg = HTML5_DebugGame|Win32
		{6BE69B76-9B2A-410B-ADC4-01975AEC6F25}.DebugGame|HTML5.Build.0 = HTML5_DebugGame|Win32
		{6BE69B76-9B2A-410B-ADC4-01975AEC6F25}.DebugGame|Win32.ActiveCfg = DebugGame|Win32
		{6BE69B76-9B2A-410B-ADC4-01975AEC6F25}.DebugGame|Win32.Build.0 = DebugGame|Win32
		{6BE69B76-9B2A-410B-ADC4-01975AEC6F25}.DebugGame|Win64.ActiveCfg = DebugGame|x64
		{6BE69B76-9B2A-410B-ADC4-01975AEC6F25}.DebugGame|Win64.Build.0 = DebugGame|x64
		{6BE69B76-9B2A-410B-ADC4-01975AEC6F25}.Development Editor|HTML5.ActiveCfg = Invalid|Win32
		{6BE69B76-9B2A-410B-ADC4-01975AEC6F25}.Development Editor|Win32.ActiveCfg = Invalid|Win32
		{6BE69B76-9B2A-410B-ADC4-01975AEC6F25}.Development Editor|Win64.ActiveCfg = Development_Editor|x64
		{6BE69B76-9B2A-410B-ADC4-01975AEC6F25}.Development Editor|Win64.Build.0 = Development_Editor|x64
		{6BE69B76-9B2A-410B-ADC4-01975AEC6F25}.Development|HTML5.ActiveCfg = HTML5_Development|Win32
		{6BE69B76-9B2A-410B-ADC4-01975AEC6F25}.Development|HTML5.Build.0 = HTML5_Development|Win32
		{6BE69B76-9B2A-410B-ADC4-01975AEC6F25}.Development|Win32.ActiveCfg = Development|Win32
		{6BE69B76-9B2A-410B-ADC4-01975AEC6F25}.Development|Win32.Build.0 = Development|Win32
		{6BE69B76-9B2A-410B-ADC4-01975AEC6F25}.Development|Win64.ActiveCfg = Development|x64
		{6BE69B76-9B2A-410B-ADC4-01975AEC6F25}.Development|Win64.Build.0 = Development|x64
		{6BE69B76-9B2A-410B-ADC4-01975AEC6F25}.Shipping|HTML5.ActiveCfg = HTML5_Shipping|Win32
		{6BE69B76-9B2A-410B-ADC4-01975AEC6F25}.Shipping|HTML5.Build.0 = HTML5_Shipping|Win32
		{6BE69B76-9B2A-410B-ADC4-01975AEC6F25}.Shipping|Win32.ActiveCfg = Shipping|Win32
		{6BE69B76-9B2A-410B-ADC4-01975AEC6F25}.Shipping|Win32.Build.0 = Shipping|Win32
		{6BE69B76-9B2A-410B-ADC4-01975AEC6F25}.Shipping|Win64.ActiveCfg = Shipping|x64
		{6BE69B76-9B2A-410B-ADC4-01975AEC6F25}.Shipping|Win64.Build.0 = Shipping|x64
	EndGlobalSection
	GlobalSection(SolutionProperties) = preSolution
		HideSolutionNode = FALSE
	EndGlobalSection
	GlobalSection(NestedProjects) = preSolution
		{5501E42A-18F6-40C7-A5A9-85ACBABD4D8E} = {CC341842-CA2A-4C37-9E37-D55470EA1AD1}
		{6BE69B76-9B2A-410B-ADC4-01975AEC6F25} = {E238B303-3A53-4781-9E1F-98778962A6CB}
	EndGlobalSection
EndGlobal
