
Microsoft Visual Studio Solution File, Format Version 12.00
# Visual Studio 15
VisualStudioVersion = 15.0.25807.0
MinimumVisualStudioVersion = 10.0.40219.1

Project("{2150E333-8FDC-42A3-9474-1A3956D46DE8}") = "Engine", "Engine", "{957AB451-DEEB-49BE-B8EA-AD08FECE9984}"
EndProject
Project("{2150E333-8FDC-42A3-9474-1A3956D46DE8}") = "Games", "Games", "{C2FD1464-546F-46FE-A483-DCD3859F82F9}"
EndProject
Project("{8BC9CEB8-8B4A-11D0-8D11-00A0C91BC942}") = "UE4", "Intermediate\ProjectFiles\UE4.vcxproj", "{6E639BBE-7E94-4C50-9052-E8C2646E44AD}"
EndProject
Project("{8BC9CEB8-8B4A-11D0-8D11-00A0C91BC942}") = "XRProject", "Intermediate\ProjectFiles\XRProject.vcxproj", "{E411EC66-6558-4399-BE5B-D4D2F7A2CE4F}"
EndProject

Project("{2150E333-8FDC-42A3-9474-1A3956D46DE8}") = "Visualizers", "Visualizers", "{2509F890-FBA2-4F44-8BC6-C5C5CDB56C9D}"
	ProjectSection(SolutionItems) = preProject
		C:\Program Files\Epic Games\UE_4.23\Engine\Extras\VisualStudioDebugging\UE4.natvis = C:\Program Files\Epic Games\UE_4.23\Engine\Extras\VisualStudioDebugging\UE4.natvis

		{5C62AF0A-9A7B-42F6-9F04-BBE6A38C7AE6} = {D363C060-8963-48D7-B758-B9E59C3CAD1B}
		{7A366898-0606-4EF2-91BB-0FDAE8635CE9} = {F6396C1B-A58B-448B-97CC-86A0C76184D2}
	EndGlobalSection
EndGlobal
